
Microsoft Visual Studio Solution File, Format Version 12.00
# Visual Studio 15
VisualStudioVersion = 15.0.27130.2020
MinimumVisualStudioVersion = 10.0.40219.1
Project("{FAE04EC0-301F-11D3-BF4B-00C04F79EFBC}") = "FizzBuzz", "FizzBuzzTemplate\FizzBuzz.csproj", "{2477EC85-F59F-472C-847C-030865D58C0C}"
EndProject
Project("{FAE04EC0-301F-11D3-BF4B-00C04F79EFBC}") = "Tests", "Tests\Tests.csproj", "{66EAF87F-33F3-4A94-B3C8-A6B4857C85C5}"
EndProject
Global
	GlobalSection(SolutionConfigurationPlatforms) = preSolution
		Debug|Any CPU = Debug|Any CPU
		Release|Any CPU = Release|Any CPU
	EndGlobalSection
	GlobalSection(ProjectConfigurationPlatforms) = postSolution
		{2477EC85-F59F-472C-847C-030865D58C0C}.Debug|Any CPU.ActiveCfg = Debug|Any CPU
		{2477EC85-F59F-472C-847C-030865D58C0C}.Debug|Any CPU.Build.0 = Debug|Any CPU
		{2477EC85-F59F-472C-847C-030865D58C0C}.Release|Any CPU.ActiveCfg = Release|Any CPU
		{2477EC85-F59F-472C-847C-030865D58C0C}.Release|Any CPU.Build.0 = Release|Any CPU
		{66EAF87F-33F3-4A94-B3C8-A6B4857C85C5}.Debug|Any CPU.ActiveCfg = Debug|Any CPU
		{66EAF87F-33F3-4A94-B3C8-A6B4857C85C5}.Debug|Any CPU.Build.0 = Debug|Any CPU
		{66EAF87F-33F3-4A94-B3C8-A6B4857C85C5}.Release|Any CPU.ActiveCfg = Release|Any CPU
		{66EAF87F-33F3-4A94-B3C8-A6B4857C85C5}.Release|Any CPU.Build.0 = Release|Any CPU
	EndGlobalSection
	GlobalSection(SolutionProperties) = preSolution
		HideSolutionNode = FALSE
	EndGlobalSection
	GlobalSection(ExtensibilityGlobals) = postSolution
		SolutionGuid = {FA36FCF3-523F-4670-ADF9-DE89F8E6B8C6}
	EndGlobalSection
EndGlobal
