
Microsoft Visual Studio Solution File, Format Version 12.00
# Visual Studio 14
VisualStudioVersion = 14.0.25420.1
MinimumVisualStudioVersion = 10.0.40219.1
Project("{FAE04EC0-301F-11D3-BF4B-00C04F79EFBC}") = "TimeProvider", "TimeProvider.csproj", "{9A5B85E2-EFA1-457A-84E6-33DE3D5E82E3}"
EndProject
Project("{FAE04EC0-301F-11D3-BF4B-00C04F79EFBC}") = "TimeProvider.UnitTests", "..\TimeProvider.UnitTests\TimeProvider.UnitTests.csproj", "{B445912F-52C3-4C4F-BFFE-EC03E498137D}"
EndProject
Global
	GlobalSection(SolutionConfigurationPlatforms) = preSolution
		Debug|Any CPU = Debug|Any CPU
		Release|Any CPU = Release|Any CPU
	EndGlobalSection
	GlobalSection(ProjectConfigurationPlatforms) = postSolution
		{9A5B85E2-EFA1-457A-84E6-33DE3D5E82E3}.Debug|Any CPU.ActiveCfg = Debug|Any CPU
		{9A5B85E2-EFA1-457A-84E6-33DE3D5E82E3}.Debug|Any CPU.Build.0 = Debug|Any CPU
		{9A5B85E2-EFA1-457A-84E6-33DE3D5E82E3}.Release|Any CPU.ActiveCfg = Release|Any CPU
		{9A5B85E2-EFA1-457A-84E6-33DE3D5E82E3}.Release|Any CPU.Build.0 = Release|Any CPU
		{B445912F-52C3-4C4F-BFFE-EC03E498137D}.Debug|Any CPU.ActiveCfg = Debug|Any CPU
		{B445912F-52C3-4C4F-BFFE-EC03E498137D}.Debug|Any CPU.Build.0 = Debug|Any CPU
		{B445912F-52C3-4C4F-BFFE-EC03E498137D}.Release|Any CPU.ActiveCfg = Release|Any CPU
		{B445912F-52C3-4C4F-BFFE-EC03E498137D}.Release|Any CPU.Build.0 = Release|Any CPU
	EndGlobalSection
	GlobalSection(SolutionProperties) = preSolution
		HideSolutionNode = FALSE
	EndGlobalSection
EndGlobal
